
Microsoft Visual Studio Solution File, Format Version 12.00
# Visual Studio Version 17
VisualStudioVersion = 17.6.33829.357
MinimumVisualStudioVersion = 10.0.40219.1
Project("{9A19103F-16F7-4668-BE54-9A1E7A4F7556}") = "Bancomat_Exercise_1", "Bancomat_Exercise\Bancomat_Exercise_1.csproj", "{EB828ECC-E211-4DE0-ABA6-9AD1CCC1D38C}"
EndProject
Global
	GlobalSection(SolutionConfigurationPlatforms) = preSolution
		Debug|Any CPU = Debug|Any CPU
		Release|Any CPU = Release|Any CPU
	EndGlobalSection
	GlobalSection(ProjectConfigurationPlatforms) = postSolution
		{EB828ECC-E211-4DE0-ABA6-9AD1CCC1D38C}.Debug|Any CPU.ActiveCfg = Debug|Any CPU
		{EB828ECC-E211-4DE0-ABA6-9AD1CCC1D38C}.Debug|Any CPU.Build.0 = Debug|Any CPU
		{EB828ECC-E211-4DE0-ABA6-9AD1CCC1D38C}.Release|Any CPU.ActiveCfg = Release|Any CPU
		{EB828ECC-E211-4DE0-ABA6-9AD1CCC1D38C}.Release|Any CPU.Build.0 = Release|Any CPU
	EndGlobalSection
	GlobalSection(SolutionProperties) = preSolution
		HideSolutionNode = FALSE
	EndGlobalSection
	GlobalSection(ExtensibilityGlobals) = postSolution
		SolutionGuid = {AA78DECF-25FF-4480-AF28-11A1F65FCBDD}
	EndGlobalSection
EndGlobal
